
Microsoft Visual Studio Solution File, Format Version 12.00
# Visual Studio 15
VisualStudioVersion = 15.0.26403.0
MinimumVisualStudioVersion = 10.0.40219.1
Project("{2150E333-8FDC-42A3-9474-1A3956D46DE8}") = "src", "src", "{53D4B807-CCB4-417D-8010-FCF69CB52BD0}"
EndProject
Project("{2150E333-8FDC-42A3-9474-1A3956D46DE8}") = "test", "test", "{5680C431-A5B1-4B14-B6DE-CBC381F42D60}"
EndProject
Project("{FAE04EC0-301F-11D3-BF4B-00C04F79EFBC}") = "TDDQuestion.Library", "src\TDDQuestion.Library\TDDQuestion.Library.csproj", "{1E23A080-221E-4E46-BFEC-11E5727CF246}"
EndProject
Project("{FAE04EC0-301F-11D3-BF4B-00C04F79EFBC}") = "TDDQuestion.Library.Tests", "test\TDDQuestion.Library.Tests\TDDQuestion.Library.Tests.csproj", "{59EBB1D9-9C7A-4065-AE5F-E94441F86006}"
EndProject
Project("{2150E333-8FDC-42A3-9474-1A3956D46DE8}") = "Solution Items", "Solution Items", "{F5D4B2A8-8617-4F63-BD0E-2F246D5616C8}"
	ProjectSection(SolutionItems) = preProject
		README.md = README.md
	EndProjectSection
EndProject
Global
	GlobalSection(SolutionConfigurationPlatforms) = preSolution
		Debug|Any CPU = Debug|Any CPU
		Release|Any CPU = Release|Any CPU
	EndGlobalSection
	GlobalSection(ProjectConfigurationPlatforms) = postSolution
		{1E23A080-221E-4E46-BFEC-11E5727CF246}.Debug|Any CPU.ActiveCfg = Debug|Any CPU
		{1E23A080-221E-4E46-BFEC-11E5727CF246}.Debug|Any CPU.Build.0 = Debug|Any CPU
		{1E23A080-221E-4E46-BFEC-11E5727CF246}.Release|Any CPU.ActiveCfg = Release|Any CPU
		{1E23A080-221E-4E46-BFEC-11E5727CF246}.Release|Any CPU.Build.0 = Release|Any CPU
		{59EBB1D9-9C7A-4065-AE5F-E94441F86006}.Debug|Any CPU.ActiveCfg = Debug|Any CPU
		{59EBB1D9-9C7A-4065-AE5F-E94441F86006}.Debug|Any CPU.Build.0 = Debug|Any CPU
		{59EBB1D9-9C7A-4065-AE5F-E94441F86006}.Release|Any CPU.ActiveCfg = Release|Any CPU
		{59EBB1D9-9C7A-4065-AE5F-E94441F86006}.Release|Any CPU.Build.0 = Release|Any CPU
	EndGlobalSection
	GlobalSection(SolutionProperties) = preSolution
		HideSolutionNode = FALSE
	EndGlobalSection
	GlobalSection(NestedProjects) = preSolution
		{1E23A080-221E-4E46-BFEC-11E5727CF246} = {53D4B807-CCB4-417D-8010-FCF69CB52BD0}
		{59EBB1D9-9C7A-4065-AE5F-E94441F86006} = {5680C431-A5B1-4B14-B6DE-CBC381F42D60}
	EndGlobalSection
EndGlobal
